
Microsoft Visual Studio Solution File, Format Version 12.00
# Visual Studio Version 17
VisualStudioVersion = 17.0.31903.59
MinimumVisualStudioVersion = 10.0.40219.1
Project("{2150E333-8FDC-42A3-9474-1A3956D46DE8}") = "src", "src", "{827E0CD3-B72D-47B6-A68D-7590B98EB39B}"
EndProject
Project("{FAE04EC0-301F-11D3-BF4B-00C04F79EFBC}") = "AgentScope.Domain", "src\AgentScope.Domain\AgentScope.Domain.csproj", "{305F8B1F-DF8A-461E-825E-1B105F4D06FA}"
EndProject
Project("{FAE04EC0-301F-11D3-BF4B-00C04F79EFBC}") = "AgentScope.Infrastructure", "src\AgentScope.Infrastructure\AgentScope.Infrastructure.csproj", "{AC38EC54-7602-4A62-A6EB-6003602D5513}"
EndProject
Project("{FAE04EC0-301F-11D3-BF4B-00C04F79EFBC}") = "AgentScope.Api", "src\AgentScope.Api\AgentScope.Api.csproj", "{3660FDFB-5A77-4AEC-97FA-93C0365C2D9D}"
EndProject
Project("{FAE04EC0-301F-11D3-BF4B-00C04F79EFBC}") = "AgentScope.Web", "src\AgentScope.Web\AgentScope.Web.csproj", "{05CC6C96-B88A-4510-AA91-D166448F3A3F}"
EndProject
Project("{FAE04EC0-301F-11D3-BF4B-00C04F79EFBC}") = "AgentScope.Sdk", "src\AgentScope.Sdk\AgentScope.Sdk.csproj", "{25B70536-A57B-47AA-A82F-834723D46BE8}"
EndProject
Project("{2150E333-8FDC-42A3-9474-1A3956D46DE8}") = "tests", "tests", "{0AB3BF05-4346-4AA6-1389-037BE0695223}"
EndProject
Project("{FAE04EC0-301F-11D3-BF4B-00C04F79EFBC}") = "AgentScope.Domain.Tests", "tests\AgentScope.Domain.Tests\AgentScope.Domain.Tests.csproj", "{209DEDC8-7C2C-43D8-916E-97436378897A}"
EndProject
Project("{FAE04EC0-301F-11D3-BF4B-00C04F79EFBC}") = "AgentScope.Api.Tests", "tests\AgentScope.Api.Tests\AgentScope.Api.Tests.csproj", "{99472245-82F2-407B-95CC-191429272828}"
EndProject
Project("{FAE04EC0-301F-11D3-BF4B-00C04F79EFBC}") = "AgentScope.Infrastructure.Tests", "tests\AgentScope.Infrastructure.Tests\AgentScope.Infrastructure.Tests.csproj", "{1AAC1A2B-6C43-4CB6-8A56-83EBCD7F3109}"
EndProject
Global
	GlobalSection(SolutionConfigurationPlatforms) = preSolution
		Debug|Any CPU = Debug|Any CPU
		Debug|x64 = Debug|x64
		Debug|x86 = Debug|x86
		Release|Any CPU = Release|Any CPU
		Release|x64 = Release|x64
		Release|x86 = Release|x86
	EndGlobalSection
	GlobalSection(ProjectConfigurationPlatforms) = postSolution
		{305F8B1F-DF8A-461E-825E-1B105F4D06FA}.Debug|Any CPU.ActiveCfg = Debug|Any CPU
		{305F8B1F-DF8A-461E-825E-1B105F4D06FA}.Debug|Any CPU.Build.0 = Debug|Any CPU
		{305F8B1F-DF8A-461E-825E-1B105F4D06FA}.Debug|x64.ActiveCfg = Debug|Any CPU
		{305F8B1F-DF8A-461E-825E-1B105F4D06FA}.Debug|x64.Build.0 = Debug|Any CPU
		{305F8B1F-DF8A-461E-825E-1B105F4D06FA}.Debug|x86.ActiveCfg = Debug|Any CPU
		{305F8B1F-DF8A-461E-825E-1B105F4D06FA}.Debug|x86.Build.0 = Debug|Any CPU
		{305F8B1F-DF8A-461E-825E-1B105F4D06FA}.Release|Any CPU.ActiveCfg = Release|Any CPU
		{305F8B1F-DF8A-461E-825E-1B105F4D06FA}.Release|Any CPU.Build.0 = Release|Any CPU
		{305F8B1F-DF8A-461E-825E-1B105F4D06FA}.Release|x64.ActiveCfg = Release|Any CPU
		{305F8B1F-DF8A-461E-825E-1B105F4D06FA}.Release|x64.Build.0 = Release|Any CPU
		{305F8B1F-DF8A-461E-825E-1B105F4D06FA}.Release|x86.ActiveCfg = Release|Any CPU
		{305F8B1F-DF8A-461E-825E-1B105F4D06FA}.Release|x86.Build.0 = Release|Any CPU
		{AC38EC54-7602-4A62-A6EB-6003602D5513}.Debug|Any CPU.ActiveCfg = Debug|Any CPU
		{AC38EC54-7602-4A62-A6EB-6003602D5513}.Debug|Any CPU.Build.0 = Debug|Any CPU
		{AC38EC54-7602-4A62-A6EB-6003602D5513}.Debug|x64.ActiveCfg = Debug|Any CPU
		{AC38EC54-7602-4A62-A6EB-6003602D5513}.Debug|x64.Build.0 = Debug|Any CPU
		{AC38EC54-7602-4A62-A6EB-6003602D5513}.Debug|x86.ActiveCfg = Debug|Any CPU
		{AC38EC54-7602-4A62-A6EB-6003602D5513}.Debug|x86.Build.0 = Debug|Any CPU
		{AC38EC54-7602-4A62-A6EB-6003602D5513}.Release|Any CPU.ActiveCfg = Release|Any CPU
		{AC38EC54-7602-4A62-A6EB-6003602D5513}.Release|Any CPU.Build.0 = Release|Any CPU
		{AC38EC54-7602-4A62-A6EB-6003602D5513}.Release|x64.ActiveCfg = Release|Any CPU
		{AC38EC54-7602-4A62-A6EB-6003602D5513}.Release|x64.Build.0 = Release|Any CPU
		{AC38EC54-7602-4A62-A6EB-6003602D5513}.Release|x86.ActiveCfg = Release|Any CPU
		{AC38EC54-7602-4A62-A6EB-6003602D5513}.Release|x86.Build.0 = Release|Any CPU
		{3660FDFB-5A77-4AEC-97FA-93C0365C2D9D}.Debug|Any CPU.ActiveCfg = Debug|Any CPU
		{3660FDFB-5A77-4AEC-97FA-93C0365C2D9D}.Debug|Any CPU.Build.0 = Debug|Any CPU
		{3660FDFB-5A77-4AEC-97FA-93C0365C2D9D}.Debug|x64.ActiveCfg = Debug|Any CPU
		{3660FDFB-5A77-4AEC-97FA-93C0365C2D9D}.Debug|x64.Build.0 = Debug|Any CPU
		{3660FDFB-5A77-4AEC-97FA-93C0365C2D9D}.Debug|x86.ActiveCfg = Debug|Any CPU
		{3660FDFB-5A77-4AEC-97FA-93C0365C2D9D}.Debug|x86.Build.0 = Debug|Any CPU
		{3660FDFB-5A77-4AEC-97FA-93C0365C2D9D}.Release|Any CPU.ActiveCfg = Release|Any CPU
		{3660FDFB-5A77-4AEC-97FA-93C0365C2D9D}.Release|Any CPU.Build.0 = Release|Any CPU
		{3660FDFB-5A77-4AEC-97FA-93C0365C2D9D}.Release|x64.ActiveCfg = Release|Any CPU
		{3660FDFB-5A77-4AEC-97FA-93C0365C2D9D}.Release|x64.Build.0 = Release|Any CPU
		{3660FDFB-5A77-4AEC-97FA-93C0365C2D9D}.Release|x86.ActiveCfg = Release|Any CPU
		{3660FDFB-5A77-4AEC-97FA-93C0365C2D9D}.Release|x86.Build.0 = Release|Any CPU
		{05CC6C96-B88A-4510-AA91-D166448F3A3F}.Debug|Any CPU.ActiveCfg = Debug|Any CPU
		{05CC6C96-B88A-4510-AA91-D166448F3A3F}.Debug|Any CPU.Build.0 = Debug|Any CPU
		{05CC6C96-B88A-4510-AA91-D166448F3A3F}.Debug|x64.ActiveCfg = Debug|Any CPU
		{05CC6C96-B88A-4510-AA91-D166448F3A3F}.Debug|x64.Build.0 = Debug|Any CPU
		{05CC6C96-B88A-4510-AA91-D166448F3A3F}.Debug|x86.ActiveCfg = Debug|Any CPU
		{05CC6C96-B88A-4510-AA91-D166448F3A3F}.Debug|x86.Build.0 = Debug|Any CPU
		{05CC6C96-B88A-4510-AA91-D166448F3A3F}.Release|Any CPU.ActiveCfg = Release|Any CPU
		{05CC6C96-B88A-4510-AA91-D166448F3A3F}.Release|Any CPU.Build.0 = Release|Any CPU
		{05CC6C96-B88A-4510-AA91-D166448F3A3F}.Release|x64.ActiveCfg = Release|Any CPU
		{05CC6C96-B88A-4510-AA91-D166448F3A3F}.Release|x64.Build.0 = Release|Any CPU
		{05CC6C96-B88A-4510-AA91-D166448F3A3F}.Release|x86.ActiveCfg = Release|Any CPU
		{05CC6C96-B88A-4510-AA91-D166448F3A3F}.Release|x86.Build.0 = Release|Any CPU
		{25B70536-A57B-47AA-A82F-834723D46BE8}.Debug|Any CPU.ActiveCfg = Debug|Any CPU
		{25B70536-A57B-47AA-A82F-834723D46BE8}.Debug|Any CPU.Build.0 = Debug|Any CPU
		{25B70536-A57B-47AA-A82F-834723D46BE8}.Debug|x64.ActiveCfg = Debug|Any CPU
		{25B70536-A57B-47AA-A82F-834723D46BE8}.Debug|x64.Build.0 = Debug|Any CPU
		{25B70536-A57B-47AA-A82F-834723D46BE8}.Debug|x86.ActiveCfg = Debug|Any CPU
		{25B70536-A57B-47AA-A82F-834723D46BE8}.Debug|x86.Build.0 = Debug|Any CPU
		{25B70536-A57B-47AA-A82F-834723D46BE8}.Release|Any CPU.ActiveCfg = Release|Any CPU
		{25B70536-A57B-47AA-A82F-834723D46BE8}.Release|Any CPU.Build.0 = Release|Any CPU
		{25B70536-A57B-47AA-A82F-834723D46BE8}.Release|x64.ActiveCfg = Release|Any CPU
		{25B70536-A57B-47AA-A82F-834723D46BE8}.Release|x64.Build.0 = Release|Any CPU
		{25B70536-A57B-47AA-A82F-834723D46BE8}.Release|x86.ActiveCfg = Release|Any CPU
		{25B70536-A57B-47AA-A82F-834723D46BE8}.Release|x86.Build.0 = Release|Any CPU
		{209DEDC8-7C2C-43D8-916E-97436378897A}.Debug|Any CPU.ActiveCfg = Debug|Any CPU
		{209DEDC8-7C2C-43D8-916E-97436378897A}.Debug|Any CPU.Build.0 = Debug|Any CPU
		{209DEDC8-7C2C-43D8-916E-97436378897A}.Debug|x64.ActiveCfg = Debug|Any CPU
		{209DEDC8-7C2C-43D8-916E-97436378897A}.Debug|x64.Build.0 = Debug|Any CPU
		{209DEDC8-7C2C-43D8-916E-97436378897A}.Debug|x86.ActiveCfg = Debug|Any CPU
		{209DEDC8-7C2C-43D8-916E-97436378897A}.Debug|x86.Build.0 = Debug|Any CPU
		{209DEDC8-7C2C-43D8-916E-97436378897A}.Release|Any CPU.ActiveCfg = Release|Any CPU
		{209DEDC8-7C2C-43D8-916E-97436378897A}.Release|Any CPU.Build.0 = Release|Any CPU
		{209DEDC8-7C2C-43D8-916E-97436378897A}.Release|x64.ActiveCfg = Release|Any CPU
		{209DEDC8-7C2C-43D8-916E-97436378897A}.Release|x64.Build.0 = Release|Any CPU
		{209DEDC8-7C2C-43D8-916E-97436378897A}.Release|x86.ActiveCfg = Release|Any CPU
		{209DEDC8-7C2C-43D8-916E-97436378897A}.Release|x86.Build.0 = Release|Any CPU
		{99472245-82F2-407B-95CC-191429272828}.Debug|Any CPU.ActiveCfg = Debug|Any CPU
		{99472245-82F2-407B-95CC-191429272828}.Debug|Any CPU.Build.0 = Debug|Any CPU
		{99472245-82F2-407B-95CC-191429272828}.Debug|x64.ActiveCfg = Debug|Any CPU
		{99472245-82F2-407B-95CC-191429272828}.Debug|x64.Build.0 = Debug|Any CPU
		{99472245-82F2-407B-95CC-191429272828}.Debug|x86.ActiveCfg = Debug|Any CPU
		{99472245-82F2-407B-95CC-191429272828}.Debug|x86.Build.0 = Debug|Any CPU
		{99472245-82F2-407B-95CC-191429272828}.Release|Any CPU.ActiveCfg = Release|Any CPU
		{99472245-82F2-407B-95CC-191429272828}.Release|Any CPU.Build.0 = Release|Any CPU
		{99472245-82F2-407B-95CC-191429272828}.Release|x64.ActiveCfg = Release|Any CPU
		{99472245-82F2-407B-95CC-191429272828}.Release|x64.Build.0 = Release|Any CPU
		{99472245-82F2-407B-95CC-191429272828}.Release|x86.ActiveCfg = Release|Any CPU
		{99472245-82F2-407B-95CC-191429272828}.Release|x86.Build.0 = Release|Any CPU
		{1AAC1A2B-6C43-4CB6-8A56-83EBCD7F3109}.Debug|Any CPU.ActiveCfg = Debug|Any CPU
		{1AAC1A2B-6C43-4CB6-8A56-83EBCD7F3109}.Debug|Any CPU.Build.0 = Debug|Any CPU
		{1AAC1A2B-6C43-4CB6-8A56-83EBCD7F3109}.Debug|x64.ActiveCfg = Debug|Any CPU
		{1AAC1A2B-6C43-4CB6-8A56-83EBCD7F3109}.Debug|x64.Build.0 = Debug|Any CPU
		{1AAC1A2B-6C43-4CB6-8A56-83EBCD7F3109}.Debug|x86.ActiveCfg = Debug|Any CPU
		{1AAC1A2B-6C43-4CB6-8A56-83EBCD7F3109}.Debug|x86.Build.0 = Debug|Any CPU
		{1AAC1A2B-6C43-4CB6-8A56-83EBCD7F3109}.Release|Any CPU.ActiveCfg = Release|Any CPU
		{1AAC1A2B-6C43-4CB6-8A56-83EBCD7F3109}.Release|Any CPU.Build.0 = Release|Any CPU
		{1AAC1A2B-6C43-4CB6-8A56-83EBCD7F3109}.Release|x64.ActiveCfg = Release|Any CPU
		{1AAC1A2B-6C43-4CB6-8A56-83EBCD7F3109}.Release|x64.Build.0 = Release|Any CPU
		{1AAC1A2B-6C43-4CB6-8A56-83EBCD7F3109}.Release|x86.ActiveCfg = Release|Any CPU
		{1AAC1A2B-6C43-4CB6-8A56-83EBCD7F3109}.Release|x86.Build.0 = Release|Any CPU
	EndGlobalSection
	GlobalSection(SolutionProperties) = preSolution
		HideSolutionNode = FALSE
	EndGlobalSection
	GlobalSection(NestedProjects) = preSolution
		{305F8B1F-DF8A-461E-825E-1B105F4D06FA} = {827E0CD3-B72D-47B6-A68D-7590B98EB39B}
		{AC38EC54-7602-4A62-A6EB-6003602D5513} = {827E0CD3-B72D-47B6-A68D-7590B98EB39B}
		{3660FDFB-5A77-4AEC-97FA-93C0365C2D9D} = {827E0CD3-B72D-47B6-A68D-7590B98EB39B}
		{05CC6C96-B88A-4510-AA91-D166448F3A3F} = {827E0CD3-B72D-47B6-A68D-7590B98EB39B}
		{25B70536-A57B-47AA-A82F-834723D46BE8} = {827E0CD3-B72D-47B6-A68D-7590B98EB39B}
		{209DEDC8-7C2C-43D8-916E-97436378897A} = {0AB3BF05-4346-4AA6-1389-037BE0695223}
		{99472245-82F2-407B-95CC-191429272828} = {0AB3BF05-4346-4AA6-1389-037BE0695223}
		{1AAC1A2B-6C43-4CB6-8A56-83EBCD7F3109} = {0AB3BF05-4346-4AA6-1389-037BE0695223}
	EndGlobalSection
EndGlobal
